lockfileVersion: '9.0'

settings:
  autoInstallPeers: true
  excludeLinksFromLockfile: false

importers:

  .:
    devDependencies:
      '@typescript/native-preview':
        specifier: 7.0.0-dev.20251123.1
        version: 7.0.0-dev.20251123.1
      oxfmt:
        specifier: ^0.14.0
        version: 0.14.0
      oxlint:
        specifier: ^1.29.0
        version: 1.29.0(oxlint-tsgolint@0.8.1)
      oxlint-tsgolint:
        specifier: ^0.8.1
        version: 0.8.1

packages:

  '@oxfmt/darwin-arm64@0.14.0':
    resolution: {integrity: sha512-g8FANFTuzEcB2KLsE2IcQYXjdgDi8x9GUf8c4t7iyFD7oj0HGucKHhoMz3XsRWTx8szBZoJJD+t4bzs4+AMFdQ==}
    cpu: [arm64]
    os: [darwin]

  '@oxfmt/darwin-x64@0.14.0':
    resolution: {integrity: sha512-Hd/DI+a8PKhl33CmaR3eQdx2P4zpaeoUwjOJQd090cFEbEX9auoCo6+t4LLm/JlzgnRSnFq0EaZOWJVK3wDu8Q==}
    cpu: [x64]
    os: [darwin]

  '@oxfmt/linux-arm64-gnu@0.14.0':
    resolution: {integrity: sha512-JzMyMKuDY9UmxRRnHWFdzYIXYZ2SK2/RmJKhYS47lcRELQC64nzuFe0d5JkRnt7KIJoM7RdUmYqEr+UKdiZ5mg==}
    cpu: [arm64]
    os: [linux]

  '@oxfmt/linux-arm64-musl@0.14.0':
    resolution: {integrity: sha512-sPLA+jvL5kArpnUpxlt6v/EZCGvIhe8Z6hnNuGUa4gdYfzVf2XhAK1jO6hrrjFMT+2cnkbqmxa5iuZqCT6Y5xg==}
    cpu: [arm64]
    os: [linux]

  '@oxfmt/linux-x64-gnu@0.14.0':
    resolution: {integrity: sha512-2hWVwIBa756NHs3+19om1mQp2C4vnGhFGe75AmsRRlkLq1vttC1iuQoF6slQQTS6n0/d7o4Pg1wGY3kldY6Msw==}
    cpu: [x64]
    os: [linux]

  '@oxfmt/linux-x64-musl@0.14.0':
    resolution: {integrity: sha512-bk98BFY2wArfWTVJ+T0zTCqF1deFfcyzrJ0/zppupQDFVdKUTga2XeKY8S1ImdyG+N7XcixdCrcT9db+SVNKMA==}
    cpu: [x64]
    os: [linux]

  '@oxfmt/win32-arm64@0.14.0':
    resolution: {integrity: sha512-UxctetV+XOXGXYcJp8uwP+/cUq3GSTAxq6UBbeGUq+0j1je3zC4XCQ6Kh/dm6kxOnAzrmMkX1uG4Su4bwvMq8w==}
    cpu: [arm64]
    os: [win32]

  '@oxfmt/win32-x64@0.14.0':
    resolution: {integrity: sha512-P/Cw1aP0UIf42HDH6t3+5IY0xx8e4HxCfDHQz/PDbJ+Vc2JhAB6rzkVFAOEo9inQsXoZVdApF/xklp4NJtrkqQ==}
    cpu: [x64]
    os: [win32]

  '@oxlint-tsgolint/darwin-arm64@0.8.1':
    resolution: {integrity: sha512-RWcr1sffeD0QF+o0I0JhFR9tzzZcwBR5HsEqsD+aFsDacrIsDd74Ensu62BH+iwyAHegoG38T0xAZUeE57Pn3Q==}
    cpu: [arm64]
    os: [darwin]

  '@oxlint-tsgolint/darwin-x64@0.8.1':
    resolution: {integrity: sha512-QS/YwM+k/3JE8l6LNhYftikOApRdM4BnU3T43TlgFhYpFF2DLQERs283+jKe3FCI+s1Z1Ju8rzj7pqsRwcJT8A==}
    cpu: [x64]
    os: [darwin]

  '@oxlint-tsgolint/linux-arm64@0.8.1':
    resolution: {integrity: sha512-W2zh8u+X31ZOqJSdiPN6+z3SA8dxazHGbCAAIMsQhF/AShsdzMo9b91JI9j70+jiAa47o0niojjugrw6t+kt3A==}
    cpu: [arm64]
    os: [linux]

  '@oxlint-tsgolint/linux-x64@0.8.1':
    resolution: {integrity: sha512-9isZ7V9bdD2MdB82H9SctmiggxfbzgBOHfldU0pjycixRkpnYG/B5I54PzdahO01L1psmdYkDXI7mLoZsEXPLg==}
    cpu: [x64]
    os: [linux]

  '@oxlint-tsgolint/win32-arm64@0.8.1':
    resolution: {integrity: sha512-Luv92LoMpGgQRELoKYot9KBBil3InuAMONPfxtLZIe1H0/JUraqmjlxxAkrsR3ateptpxk215cWfARuhgGg7Dg==}
    cpu: [arm64]
    os: [win32]

  '@oxlint-tsgolint/win32-x64@0.8.1':
    resolution: {integrity: sha512-zIUg5qcPiXfKmxqBqz2ffE/77Hnsk0UGpctdzsITLZxn+OkHTwwIDgezRxE7rvW4UFigo87Fu+nBjG7TrDXo2Q==}
    cpu: [x64]
    os: [win32]

  '@oxlint/darwin-arm64@1.29.0':
    resolution: {integrity: sha512-XYsieDAI0kXJyvayHnmOW1qVydqklRRVT4O5eZmO/rdNCku5CoXsZvBvkPc3U8/9V1mRuen1sxbM9T5JsZqhdA==}
    cpu: [arm64]
    os: [darwin]

  '@oxlint/darwin-x64@1.29.0':
    resolution: {integrity: sha512-s+Ch5/4zDJ6wsOk95xY3BS5mtE2JzHLz7gVZ9OWA9EvhVO84wz2YbDp2JaA314yyqhlX5SAkZ6fj3BRMIcQIqg==}
    cpu: [x64]
    os: [darwin]

  '@oxlint/linux-arm64-gnu@1.29.0':
    resolution: {integrity: sha512-qLCgdUkDBG8muK1o3mPgf31rvCPzj1Xff9DHlJjfv+B0ee/hJ2LAoK8EIsQedfQuuiAccOe9GG65BivGCTgKOg==}
    cpu: [arm64]
    os: [linux]

  '@oxlint/linux-arm64-musl@1.29.0':
    resolution: {integrity: sha512-qe62yb1fyW51wo1VBpx9AJJ1Ih1T8NYDeR9AmpNGkrmKN8u3pPbcGXM4mCrOwpwJUG9M/oFvCIlIz2RhawHlkA==}
    cpu: [arm64]
    os: [linux]

  '@oxlint/linux-x64-gnu@1.29.0':
    resolution: {integrity: sha512-4x7p2iVoSE2aT9qI1JOLxUAv3UuzMYGBYWBA4ZF8ln99AdUo1eo0snFacPNd6I/ZZNcv5TegXC+0EUhp5MfYBw==}
    cpu: [x64]
    os: [linux]

  '@oxlint/linux-x64-musl@1.29.0':
    resolution: {integrity: sha512-BdH5gdRpaYpyZn2Zm+MCS4b1YmXNe7QyQhw0fawuou+N1LrdAyELgvqI5xXZ1MXCgWDOa6WJaoE6VOPaDc29GA==}
    cpu: [x64]
    os: [linux]

  '@oxlint/win32-arm64@1.29.0':
    resolution: {integrity: sha512-y+j9ZDrnMxvRTNIstZKFY7gJD07nT++c4cGmub1ENvhoHVToiQAAZQUOLDhXXRzCrFoG/cFJXJf72uowHZPbcg==}
    cpu: [arm64]
    os: [win32]

  '@oxlint/win32-x64@1.29.0':
    resolution: {integrity: sha512-F1iRtq8VT96lT8hqOubLyV0GxgIK/XdXk2kFLXdCspiI2ngXeNmTTvmPxrj+WFL6fpJPgv7VKWRb/zEHJnNOrg==}
    cpu: [x64]
    os: [win32]

  '@typescript/native-preview-darwin-arm64@7.0.0-dev.20251123.1':
    resolution: {integrity: sha512-Fr9BVEIPCapAt+nEi+tOV0tOCYG39/cNjeULPmqj07YvxhDpkU73rMShnbrXguY5Pprgi570ks5S8MI45YePIw==}
    cpu: [arm64]
    os: [darwin]

  '@typescript/native-preview-darwin-x64@7.0.0-dev.20251123.1':
    resolution: {integrity: sha512-FH9IRdvFqxPyez9k775jK00ms7d9+X3m2Kc3LcAUV3Hiwxlzfs/Q06WWDeQV20WkVHr78hxcZGlIeqt1yGZC5Q==}
    cpu: [x64]
    os: [darwin]

  '@typescript/native-preview-linux-arm64@7.0.0-dev.20251123.1':
    resolution: {integrity: sha512-eHfHopS+hcoHD49bg0IIg5SYVGk4Ljq8aFZRko83LUv9vN8Zs8DBmQL6APgs3triIQMEONjqArh6v9YkpOmjHA==}
    cpu: [arm64]
    os: [linux]

  '@typescript/native-preview-linux-arm@7.0.0-dev.20251123.1':
    resolution: {integrity: sha512-ty7UBZwyAZUrSmVBavOnQ+nQia/oB3BfY3LOZW4xyfSGEhNQQFebZMlUqTh+rD4W+zsgOAa7+TGLB7HT9mHyQg==}
    cpu: [arm]
    os: [linux]

  '@typescript/native-preview-linux-x64@7.0.0-dev.20251123.1':
    resolution: {integrity: sha512-Z3H+XSRrhpbhZnmeyDbqGZ4mDkxG54QO1ZIxPGRyhurBwTjdMiEI8SeCVXA54KwSgM1oeAKZS765DN7+9WTI7A==}
    cpu: [x64]
    os: [linux]

  '@typescript/native-preview-win32-arm64@7.0.0-dev.20251123.1':
    resolution: {integrity: sha512-K89G2e7r/vNkeJkR1QdxZwc7WWxsjqmi4TJCrppS7gkXCcLXHmFcSInKn4T5ewfjLe2yrGoLPtAoitP/5f23pQ==}
    cpu: [arm64]
    os: [win32]

  '@typescript/native-preview-win32-x64@7.0.0-dev.20251123.1':
    resolution: {integrity: sha512-Z++8epMjd5Ptz/BihxXbEUjyqPo6x0kPkNbQT8QRSCovyGhm6KST9itEYCvD5ta1J0c5EqAJL5c8krjOHeNwGQ==}
    cpu: [x64]
    os: [win32]

  '@typescript/native-preview@7.0.0-dev.20251123.1':
    resolution: {integrity: sha512-6RhDqHTom3N4QMxZYiWXxaye2bDdsVgbsPcW7J3bMCp5LVATi3KP2zYk2SZpZLJVQ0es5E/6FHLk5Gyjeb0Jzw==}
    hasBin: true

  oxfmt@0.14.0:
    resolution: {integrity: sha512-cZpXmiiEIHxEWq1bkqgCM/9vMv4TQ8RCSA9l+5PPEuCewL+2qNP/7vZynIrQnByvUnJc/G3YOj95XH+GXYLaKg==}
    engines: {node: ^20.19.0 || >=22.12.0}
    hasBin: true

  oxlint-tsgolint@0.8.1:
    resolution: {integrity: sha512-LSLVrstSkbjyDlrT2og+7GyymlbVQsZIxuhrHi7qd21miBhvvuKQy/utxYr1m9MfNeuw8cIKBp/fYgaUIysXnw==}
    hasBin: true

  oxlint@1.29.0:
    resolution: {integrity: sha512-YqUVUhTYDqazV2qu3QSQn/H4Z1OP+fTnedgZWDk1/lDZxGfR0b1MqRVaEm3rRjBMLHP0zXlriIWUx+DD6UMaPA==}
    engines: {node: ^20.19.0 || >=22.12.0}
    hasBin: true
    peerDependencies:
      oxlint-tsgolint: '>=0.7.1'
    peerDependenciesMeta:
      oxlint-tsgolint:
        optional: true

snapshots:

  '@oxfmt/darwin-arm64@0.14.0':
    optional: true

  '@oxfmt/darwin-x64@0.14.0':
    optional: true

  '@oxfmt/linux-arm64-gnu@0.14.0':
    optional: true

  '@oxfmt/linux-arm64-musl@0.14.0':
    optional: true

  '@oxfmt/linux-x64-gnu@0.14.0':
    optional: true

  '@oxfmt/linux-x64-musl@0.14.0':
    optional: true

  '@oxfmt/win32-arm64@0.14.0':
    optional: true

  '@oxfmt/win32-x64@0.14.0':
    optional: true

  '@oxlint-tsgolint/darwin-arm64@0.8.1':
    optional: true

  '@oxlint-tsgolint/darwin-x64@0.8.1':
    optional: true

  '@oxlint-tsgolint/linux-arm64@0.8.1':
    optional: true

  '@oxlint-tsgolint/linux-x64@0.8.1':
    optional: true

  '@oxlint-tsgolint/win32-arm64@0.8.1':
    optional: true

  '@oxlint-tsgolint/win32-x64@0.8.1':
    optional: true

  '@oxlint/darwin-arm64@1.29.0':
    optional: true

  '@oxlint/darwin-x64@1.29.0':
    optional: true

  '@oxlint/linux-arm64-gnu@1.29.0':
    optional: true

  '@oxlint/linux-arm64-musl@1.29.0':
    optional: true

  '@oxlint/linux-x64-gnu@1.29.0':
    optional: true

  '@oxlint/linux-x64-musl@1.29.0':
    optional: true

  '@oxlint/win32-arm64@1.29.0':
    optional: true

  '@oxlint/win32-x64@1.29.0':
    optional: true

  '@typescript/native-preview-darwin-arm64@7.0.0-dev.20251123.1':
    optional: true

  '@typescript/native-preview-darwin-x64@7.0.0-dev.20251123.1':
    optional: true

  '@typescript/native-preview-linux-arm64@7.0.0-dev.20251123.1':
    optional: true

  '@typescript/native-preview-linux-arm@7.0.0-dev.20251123.1':
    optional: true

  '@typescript/native-preview-linux-x64@7.0.0-dev.20251123.1':
    optional: true

  '@typescript/native-preview-win32-arm64@7.0.0-dev.20251123.1':
    optional: true

  '@typescript/native-preview-win32-x64@7.0.0-dev.20251123.1':
    optional: true

  '@typescript/native-preview@7.0.0-dev.20251123.1':
    optionalDependencies:
      '@typescript/native-preview-darwin-arm64': 7.0.0-dev.20251123.1
      '@typescript/native-preview-darwin-x64': 7.0.0-dev.20251123.1
      '@typescript/native-preview-linux-arm': 7.0.0-dev.20251123.1
      '@typescript/native-preview-linux-arm64': 7.0.0-dev.20251123.1
      '@typescript/native-preview-linux-x64': 7.0.0-dev.20251123.1
      '@typescript/native-preview-win32-arm64': 7.0.0-dev.20251123.1
      '@typescript/native-preview-win32-x64': 7.0.0-dev.20251123.1

  oxfmt@0.14.0:
    optionalDependencies:
      '@oxfmt/darwin-arm64': 0.14.0
      '@oxfmt/darwin-x64': 0.14.0
      '@oxfmt/linux-arm64-gnu': 0.14.0
      '@oxfmt/linux-arm64-musl': 0.14.0
      '@oxfmt/linux-x64-gnu': 0.14.0
      '@oxfmt/linux-x64-musl': 0.14.0
      '@oxfmt/win32-arm64': 0.14.0
      '@oxfmt/win32-x64': 0.14.0

  oxlint-tsgolint@0.8.1:
    optionalDependencies:
      '@oxlint-tsgolint/darwin-arm64': 0.8.1
      '@oxlint-tsgolint/darwin-x64': 0.8.1
      '@oxlint-tsgolint/linux-arm64': 0.8.1
      '@oxlint-tsgolint/linux-x64': 0.8.1
      '@oxlint-tsgolint/win32-arm64': 0.8.1
      '@oxlint-tsgolint/win32-x64': 0.8.1

  oxlint@1.29.0(oxlint-tsgolint@0.8.1):
    optionalDependencies:
      '@oxlint/darwin-arm64': 1.29.0
      '@oxlint/darwin-x64': 1.29.0
      '@oxlint/linux-arm64-gnu': 1.29.0
      '@oxlint/linux-arm64-musl': 1.29.0
      '@oxlint/linux-x64-gnu': 1.29.0
      '@oxlint/linux-x64-musl': 1.29.0
      '@oxlint/win32-arm64': 1.29.0
      '@oxlint/win32-x64': 1.29.0
      oxlint-tsgolint: 0.8.1
